PODS:
  - Firebase/CoreOnly (6.26.0):
    - FirebaseCore (= 6.7.2)
  - Firebase/Database (6.26.0):
    - Firebase/CoreOnly
    - FirebaseDatabase (~> 6.2.1)
  - firebase_core (0.5.0):
    - Firebase/CoreOnly (~> 6.26.0)
    - Flutter
  - firebase_database (4.0.0):
    - Firebase/CoreOnly (~> 6.26.0)
    - Firebase/Database (~> 6.26.0)
    - firebase_core
    - Flutter
  - FirebaseAuthInterop (1.1.0)
  - FirebaseCore (6.7.2):
    - FirebaseCoreDiagnostics (~> 1.3)
    - FirebaseCoreDiagnosticsInterop (~> 1.2)
    - GoogleUtilities/Environment (~> 6.5)
    - GoogleUtilities/Logger (~> 6.5)
  - FirebaseCoreDiagnostics (1.6.0):
    - GoogleDataTransport (~> 7.2)
    - GoogleUtilities/Environment (~> 6.7)
    - GoogleUtilities/Logger (~> 6.7)
    - nanopb (~> 1.30906.0)
  - FirebaseCoreDiagnosticsInterop (1.2.0)
  - FirebaseDatabase (6.2.1):
    - FirebaseAuthInterop (~> 1.0)
    - FirebaseCore (~> 6.0)
    - leveldb-library (~> 1.22)
  - FirebaseFirestore (1.15.0)
  - Flutter (1.0.0)
  - google_maps_flutter (0.0.1):
    - Flutter
    - GoogleMaps (< 3.10)
  - GoogleDataTransport (7.3.0):
    - nanopb (~> 1.30906.0)
  - GoogleMaps (2.7.0):
    - GoogleMaps/Maps (= 2.7.0)
  - GoogleMaps/Base (2.7.0)
  - GoogleMaps/Maps (2.7.0):
    - GoogleMaps/Base
  - GoogleUtilities/Environment (6.7.2):
    - PromisesObjC (~> 1.2)
  - GoogleUtilities/Logger (6.7.2):
    - GoogleUtilities/Environment
  - leveldb-library (1.22)
  - nanopb (1.30906.0):
    - nanopb/decode (= 1.30906.0)
    - nanopb/encode (= 1.30906.0)
  - nanopb/decode (1.30906.0)
  - nanopb/encode (1.30906.0)
  - PromisesObjC (1.2.10)
  - shared_preferences (0.0.1):
    - Flutter

DEPENDENCIES:
  - firebase_core (from `.symlinks/plugins/firebase_core/ios`)
  - firebase_database (from `.symlinks/plugins/firebase_database/ios`)
  - FirebaseFirestore (from `https://github.com/invertase/firestore-ios-sdk-frameworks.git`, tag `6.26.0`)
  - Flutter (from `Flutter`)
  - google_maps_flutter (from `.symlinks/plugins/google_maps_flutter/ios`)
  - shared_preferences (from `.symlinks/plugins/shared_preferences/ios`)

SPEC REPOS:
  trunk:
    - Firebase
    - FirebaseAuthInterop
    - FirebaseCore
    - FirebaseCoreDiagnostics
    - FirebaseCoreDiagnosticsInterop
    - FirebaseDatabase
    - GoogleDataTransport
    - GoogleMaps
    - GoogleUtilities
    - leveldb-library
    - nanopb
    - PromisesObjC

EXTERNAL SOURCES:
  firebase_core:
    :path: ".symlinks/plugins/firebase_core/ios"
  firebase_database:
    :path: ".symlinks/plugins/firebase_database/ios"
  FirebaseFirestore:
    :git: https://github.com/invertase/firestore-ios-sdk-frameworks.git
    :tag: 6.26.0
  Flutter:
    :path: Flutter
  google_maps_flutter:
    :path: ".symlinks/plugins/google_maps_flutter/ios"
  shared_preferences:
    :path: ".symlinks/plugins/shared_preferences/ios"

CHECKOUT OPTIONS:
  FirebaseFirestore:
    :git: https://github.com/invertase/firestore-ios-sdk-frameworks.git
    :tag: 6.26.0

SPEC CHECKSUMS:
  Firebase: 7cf5f9c67f03cb3b606d1d6535286e1080e57eb6
  firebase_core: 3134fe79d257d430f163b558caf52a10a87efe8a
  firebase_database: a45844f55a7881e37d1a5dc61cccc214731a4643
  FirebaseAuthInterop: a0f37ae05833af156e72028f648d313f7e7592e9
  FirebaseCore: f42e5e5f382cdcf6b617ed737bf6c871a6947b17
  FirebaseCoreDiagnostics: 7415bfb3883b3500c5a95c42b6ba66baae78f600
  FirebaseCoreDiagnosticsInterop: 296e2c5f5314500a850ad0b83e9e7c10b011a850
  FirebaseDatabase: 4e99c0c475d1ee0aa64ae2b53c93f80b7b60d7d9
  FirebaseFirestore: 2cf6944bc538e57c94d8332bae501178edb70727
  Flutter: 0e3d915762c693b495b44d77113d4970485de6ec
  google_maps_flutter: c7f9c73576de1fbe152a227bfd6e6c4ae8088619
  GoogleDataTransport: e85fb700c9b027079ce182c3d08e12e0f9618bb4
  GoogleMaps: f79af95cb24d869457b1f961c93d3ce8b2f3b848
  GoogleUtilities: 7f2f5a07f888cdb145101d6042bc4422f57e70b3
  leveldb-library: 55d93ee664b4007aac644a782d11da33fba316f7
  nanopb: 59317e09cf1f1a0af72f12af412d54edf52603fc
  PromisesObjC: b14b1c6b68e306650688599de8a45e49fae81151
  shared_preferences: af6bfa751691cdc24be3045c43ec037377ada40d

PODFILE CHECKSUM: 8a0bd05b07eeaada77a8ba9496990f7538220537

COCOAPODS: 1.9.3
